{
  "requires": true,
  "lockfileVersion": 1,
  "dependencies": {
    "@react-spring/animated": {
      "version": "9.2.4",
      "resolved": "https://registry.npmjs.org/@react-spring/animated/-/animated-9.2.4.tgz",
      "integrity": "sha512-AfV6ZM8pCCAT29GY5C8/1bOPjZrv/7kD0vedjiE/tEYvNDwg9GlscrvsTViWR2XykJoYrDfdkYArrldWpsCJ5g==",
      "requires": {
        "@react-spring/shared": "~9.2.0",
        "@react-spring/types": "~9.2.0"
      }
    },
    "@react-spring/core": {
      "version": "9.2.4",
      "resolved": "https://registry.npmjs.org/@react-spring/core/-/core-9.2.4.tgz",
      "integrity": "sha512-R+PwyfsjiuYCWqaTTfCpYpRmsP0h87RNm7uxC1Uxy7QAHUfHEm2sAHn+AdHPwq/MbVwDssVT8C5yf2WGcqiXGg==",
      "requires": {
        "@react-spring/animated": "~9.2.0",
        "@react-spring/shared": "~9.2.0",
        "@react-spring/types": "~9.2.0"
      }
    },
    "@react-spring/konva": {
      "version": "9.2.4",
      "resolved": "https://registry.npmjs.org/@react-spring/konva/-/konva-9.2.4.tgz",
      "integrity": "sha512-19anDOIkfjcydDTfGgVIuZ3lruZxKubYGs9oHCswaP8SRLj7c1kkopJHUr/S4LXGxiIdqdF0XucWm0iTEPEq4w==",
      "requires": {
        "@react-spring/animated": "~9.2.0",
        "@react-spring/core": "~9.2.0",
        "@react-spring/shared": "~9.2.0",
        "@react-spring/types": "~9.2.0"
      }
    },
    "@react-spring/native": {
      "version": "9.2.4",
      "resolved": "https://registry.npmjs.org/@react-spring/native/-/native-9.2.4.tgz",
      "integrity": "sha512-xKJWKh5qOhSclpL3iuGwJRLoZzTNvlBEnIrMs8yh8xvX6z9Lmnu4uGu5DpfrnM1GzBvRoktoCoLEx/VcEYFSng==",
      "requires": {
        "@react-spring/animated": "~9.2.0",
        "@react-spring/core": "~9.2.0",
        "@react-spring/shared": "~9.2.0",
        "@react-spring/types": "~9.2.0"
      }
    },
    "@react-spring/rafz": {
      "version": "9.2.4",
      "resolved": "https://registry.npmjs.org/@react-spring/rafz/-/rafz-9.2.4.tgz",
      "integrity": "sha512-SOKf9eue+vAX+DGo7kWYNl9i9J3gPUlQjifIcV9Bzw9h3i30wPOOP0TjS7iMG/kLp2cdHQYDNFte6nt23VAZkQ=="
    },
    "@react-spring/shared": {
      "version": "9.2.4",
      "resolved": "https://registry.npmjs.org/@react-spring/shared/-/shared-9.2.4.tgz",
      "integrity": "sha512-ZEr4l2BxmyFRUvRA2VCkPfCJii4E7cGkwbjmTBx1EmcGrOnde/V2eF5dxqCTY3k35QuCegkrWe0coRJVkh8q2Q==",
      "requires": {
        "@react-spring/rafz": "~9.2.0",
        "@react-spring/types": "~9.2.0"
      }
    },
    "@react-spring/three": {
      "version": "9.2.4",
      "resolved": "https://registry.npmjs.org/@react-spring/three/-/three-9.2.4.tgz",
      "integrity": "sha512-ljFig7XW099VWwRPKPUf+4yYLivp/sSWXN3oO5SJOF/9BSoV1quS/9chZ5Myl5J14od3CsHf89Tv4FdlX5kHlA==",
      "requires": {
        "@react-spring/animated": "~9.2.0",
        "@react-spring/core": "~9.2.0",
        "@react-spring/shared": "~9.2.0",
        "@react-spring/types": "~9.2.0"
      }
    },
    "@react-spring/types": {
      "version": "9.2.4",
      "resolved": "https://registry.npmjs.org/@react-spring/types/-/types-9.2.4.tgz",
      "integrity": "sha512-zHUXrWO8nweUN/ISjrjqU7GgXXvoEbFca1CgiE0TY0H/dqJb3l+Rhx8ecPVNYimzFg3ZZ1/T0egpLop8SOv4aA=="
    },
    "@react-spring/web": {
      "version": "9.2.4",
      "resolved": "https://registry.npmjs.org/@react-spring/web/-/web-9.2.4.tgz",
      "integrity": "sha512-vtPvOalLFvuju/MDBtoSnCyt0xXSL6Amyv82fljOuWPl1yGd4M1WteijnYL9Zlriljl0a3oXcPunAVYTD9dbDQ==",
      "requires": {
        "@react-spring/animated": "~9.2.0",
        "@react-spring/core": "~9.2.0",
        "@react-spring/shared": "~9.2.0",
        "@react-spring/types": "~9.2.0"
      }
    },
    "@react-spring/zdog": {
      "version": "9.2.4",
      "resolved": "https://registry.npmjs.org/@react-spring/zdog/-/zdog-9.2.4.tgz",
      "integrity": "sha512-rv7ptedS37SHr6yuCbRkUErAzAhebdgt8f4KUtZWzseC+7qLNkaZWf+uujgsb881qAuX9b9yz8rre9UKeYepgw==",
      "requires": {
        "@react-spring/animated": "~9.2.0",
        "@react-spring/core": "~9.2.0",
        "@react-spring/shared": "~9.2.0",
        "@react-spring/types": "~9.2.0"
      }
    },
    "react-spring": {
      "version": "9.2.4",
      "resolved": "https://registry.npmjs.org/react-spring/-/react-spring-9.2.4.tgz",
      "integrity": "sha512-bMjbyTW0ZGd+/h9cjtohLqCwOGqX2OuaTvalOVfLCGmhzEg/u3GgopI3LAm4UD2Br3MNdVdGgNVoESg4MGqKFQ==",
      "requires": {
        "@react-spring/core": "~9.2.0",
        "@react-spring/konva": "~9.2.0",
        "@react-spring/native": "~9.2.0",
        "@react-spring/three": "~9.2.0",
        "@react-spring/web": "~9.2.0",
        "@react-spring/zdog": "~9.2.0"
      }
    }
  }
}
